// !$*UTF8*$!
{
	archiveVersion = 1;
	classes = {
	};
	objectVersion = 46;
	objects = {

/* Begin PBXBuildFile section */
		6DC2DDCD1CF93465008ECB57 /* AppDelegate.swift in Sources */ = {isa = PBXBuildFile; fileRef = 6DC2DDCC1CF93465008ECB57 /* AppDelegate.swift */; };
		6DC2DDCF1CF93465008ECB57 /* FirstViewController.swift in Sources */ = {isa = PBXBuildFile; fileRef = 6DC2DDCE1CF93465008ECB57 /* FirstViewController.swift */; };
		6DC2DDD11CF93465008ECB57 /* SecondViewController.swift in Sources */ = {isa = PBXBuildFile; fileRef = 6DC2DDD01CF93465008ECB57 /* SecondViewController.swift */; };
		6DC2DDD41CF93465008ECB57 /* Main.storyboard in Resources */ = {isa = PBXBuildFile; fileRef = 6DC2DDD21CF93465008ECB57 /* Main.storyboard */; };
		6DC2DDD61CF93465008ECB57 /* Assets.xcassets in Resources */ = {isa = PBXBuildFile; fileRef = 6DC2DDD51CF93465008ECB57 /* Assets.xcassets */; };
		6DC2DDD91CF93465008ECB57 /* LaunchScreen.storyboard in Resources */ = {isa = PBXBuildFile; fileRef = 6DC2DDD71CF93465008ECB57 /* LaunchScreen.storyboard */; };
		6DC2DDE11CF9360C008ECB57 /* FakeBase.swift in Sources */ = {isa = PBXBuildFile; fileRef = 6DC2DDE01CF9360C008ECB57 /* FakeBase.swift */; };
		6DC2DDE31CF93663008ECB57 /* FakeBaseInterface.swift in Sources */ = {isa = PBXBuildFile; fileRef = 6DC2DDE21CF93663008ECB57 /* FakeBaseInterface.swift */; };
		6DC2DDE71CF93F17008ECB57 /* NSData+subscript.swift in Sources */ = {isa = PBXBuildFile; fileRef = 6DC2DDE61CF93F17008ECB57 /* NSData+subscript.swift */; };
		6DC2DDE91CF93FC8008ECB57 /* String+asciiValue.swift in Sources */ = {isa = PBXBuildFile; fileRef = 6DC2DDE81CF93FC8008ECB57 /* String+asciiValue.swift */; };
		6DC9CFA71CFA2E720028700C /* Token.swift in Sources */ = {isa = PBXBuildFile; fileRef = 6DC9CFA61CFA2E720028700C /* Token.swift */; };
		6DC9CFA91CFA2EC80028700C /* MifareClassic.swift in Sources */ = {isa = PBXBuildFile; fileRef = 6DC9CFA81CFA2EC80028700C /* MifareClassic.swift */; };
		6DC9CFAB1CFA2F4D0028700C /* NSData+hexstring.swift in Sources */ = {isa = PBXBuildFile; fileRef = 6DC9CFAA1CFA2F4D0028700C /* NSData+hexstring.swift */; };
		6DC9CFAD1CFA335A0028700C /* NSData+asUint.swift in Sources */ = {isa = PBXBuildFile; fileRef = 6DC9CFAC1CFA335A0028700C /* NSData+asUint.swift */; };
		6DC9CFAF1CFA39F40028700C /* ThePoster.swift in Sources */ = {isa = PBXBuildFile; fileRef = 6DC9CFAE1CFA39F40028700C /* ThePoster.swift */; };
		6DC9CFB11CFA3B960028700C /* Dictionary+get.swift in Sources */ = {isa = PBXBuildFile; fileRef = 6DC9CFB01CFA3B960028700C /* Dictionary+get.swift */; };
		6DC9CFB31CFA43490028700C /* NSMutableData+appendByte.swift in Sources */ = {isa = PBXBuildFile; fileRef = 6DC9CFB21CFA43490028700C /* NSMutableData+appendByte.swift */; };
		6DC9CFB51CFA45230028700C /* String+rot13.swift in Sources */ = {isa = PBXBuildFile; fileRef = 6DC9CFB41CFA45230028700C /* String+rot13.swift */; };
/* End PBXBuildFile section */

/* Begin PBXFileReference section */
		6DC2DDC91CF93465008ECB57 /* Solarbreeze.app */ = {isa = PBXFileReference; explicitFileType = wrapper.application; includeInIndex = 0; path = Solarbreeze.app; sourceTree = BUILT_PRODUCTS_DIR; };
		6DC2DDCC1CF93465008ECB57 /* AppDelegate.swift */ = {isa = PBXFileReference; lastKnownFileType = sourcecode.swift; path = AppDelegate.swift; sourceTree = "<group>"; };
		6DC2DDCE1CF93465008ECB57 /* FirstViewController.swift */ = {isa = PBXFileReference; lastKnownFileType = sourcecode.swift; path = FirstViewController.swift; sourceTree = "<group>"; };
		6DC2DDD01CF93465008ECB57 /* SecondViewController.swift */ = {isa = PBXFileReference; lastKnownFileType = sourcecode.swift; path = SecondViewController.swift; sourceTree = "<group>"; };
		6DC2DDD31CF93465008ECB57 /* Base */ = {isa = PBXFileReference; lastKnownFileType = file.storyboard; name = Base; path = Base.lproj/Main.storyboard; sourceTree = "<group>"; };
		6DC2DDD51CF93465008ECB57 /* Assets.xcassets */ = {isa = PBXFileReference; lastKnownFileType = folder.assetcatalog; path = Assets.xcassets; sourceTree = "<group>"; };
		6DC2DDD81CF93465008ECB57 /* Base */ = {isa = PBXFileReference; lastKnownFileType = file.storyboard; name = Base; path = Base.lproj/LaunchScreen.storyboard; sourceTree = "<group>"; };
		6DC2DDDA1CF93465008ECB57 /* Info.plist */ = {isa = PBXFileReference; lastKnownFileType = text.plist.xml; path = Info.plist; sourceTree = "<group>"; };
		6DC2DDE01CF9360C008ECB57 /* FakeBase.swift */ = {isa = PBXFileReference; fileEncoding = 4; lastKnownFileType = sourcecode.swift; path = FakeBase.swift; sourceTree = "<group>"; };
		6DC2DDE21CF93663008ECB57 /* FakeBaseInterface.swift */ = {isa = PBXFileReference; fileEncoding = 4; lastKnownFileType = sourcecode.swift; path = FakeBaseInterface.swift; sourceTree = "<group>"; };
		6DC2DDE61CF93F17008ECB57 /* NSData+subscript.swift */ = {isa = PBXFileReference; fileEncoding = 4; lastKnownFileType = sourcecode.swift; path = "NSData+subscript.swift"; sourceTree = "<group>"; };
		6DC2DDE81CF93FC8008ECB57 /* String+asciiValue.swift */ = {isa = PBXFileReference; fileEncoding = 4; lastKnownFileType = sourcecode.swift; path = "String+asciiValue.swift"; sourceTree = "<group>"; };
		6DC9CFA61CFA2E720028700C /* Token.swift */ = {isa = PBXFileReference; fileEncoding = 4; lastKnownFileType = sourcecode.swift; path = Token.swift; sourceTree = "<group>"; };
		6DC9CFA81CFA2EC80028700C /* MifareClassic.swift */ = {isa = PBXFileReference; fileEncoding = 4; lastKnownFileType = sourcecode.swift; path = MifareClassic.swift; sourceTree = "<group>"; };
		6DC9CFAA1CFA2F4D0028700C /* NSData+hexstring.swift */ = {isa = PBXFileReference; fileEncoding = 4; lastKnownFileType = sourcecode.swift; path = "NSData+hexstring.swift"; sourceTree = "<group>"; };
		6DC9CFAC1CFA335A0028700C /* NSData+asUint.swift */ = {isa = PBXFileReference; fileEncoding = 4; lastKnownFileType = sourcecode.swift; path = "NSData+asUint.swift"; sourceTree = "<group>"; };
		6DC9CFAE1CFA39F40028700C /* ThePoster.swift */ = {isa = PBXFileReference; fileEncoding = 4; lastKnownFileType = sourcecode.swift; path = ThePoster.swift; sourceTree = "<group>"; };
		6DC9CFB01CFA3B960028700C /* Dictionary+get.swift */ = {isa = PBXFileReference; fileEncoding = 4; lastKnownFileType = sourcecode.swift; path = "Dictionary+get.swift"; sourceTree = "<group>"; };
		6DC9CFB21CFA43490028700C /* NSMutableData+appendByte.swift */ = {isa = PBXFileReference; fileEncoding = 4; lastKnownFileType = sourcecode.swift; path = "NSMutableData+appendByte.swift"; sourceTree = "<group>"; };
		6DC9CFB41CFA45230028700C /* String+rot13.swift */ = {isa = PBXFileReference; fileEncoding = 4; lastKnownFileType = sourcecode.swift; path = "String+rot13.swift"; sourceTree = "<group>"; };
/* End PBXFileReference section */

/* Begin PBXFrameworksBuildPhase section */
		6DC2DDC61CF93465008ECB57 /* Frameworks */ = {
			isa = PBXFrameworksBuildPhase;
			buildActionMask = 2147483647;
			files = (
			);
			runOnlyForDeploymentPostprocessing = 0;
		};
/* End PBXFrameworksBuildPhase section */

/* Begin PBXGroup section */
		6DC2DDC01CF93465008ECB57 = {
			isa = PBXGroup;
			children = (
				6DC2DDCB1CF93465008ECB57 /* Solarbreeze */,
				6DC2DDCA1CF93465008ECB57 /* Products */,
			);
			sourceTree = "<group>";
		};
		6DC2DDCA1CF93465008ECB57 /* Products */ = {
			isa = PBXGroup;
			children = (
				6DC2DDC91CF93465008ECB57 /* Solarbreeze.app */,
			);
			name = Products;
			sourceTree = "<group>";
		};
		6DC2DDCB1CF93465008ECB57 /* Solarbreeze */ = {
			isa = PBXGroup;
			children = (
				6DC2DDCC1CF93465008ECB57 /* AppDelegate.swift */,
				6DC2DDCE1CF93465008ECB57 /* FirstViewController.swift */,
				6DC2DDD01CF93465008ECB57 /* SecondViewController.swift */,
				6DC9CFA81CFA2EC80028700C /* MifareClassic.swift */,
				6DC9CFA61CFA2E720028700C /* Token.swift */,
				6DC9CFB21CFA43490028700C /* NSMutableData+appendByte.swift */,
				6DC9CFAE1CFA39F40028700C /* ThePoster.swift */,
				6DC2DDE01CF9360C008ECB57 /* FakeBase.swift */,
				6DC2DDE21CF93663008ECB57 /* FakeBaseInterface.swift */,
				6DC9CFB01CFA3B960028700C /* Dictionary+get.swift */,
				6DC9CFAC1CFA335A0028700C /* NSData+asUint.swift */,
				6DC2DDE81CF93FC8008ECB57 /* String+asciiValue.swift */,
				6DC9CFB41CFA45230028700C /* String+rot13.swift */,
				6DC9CFAA1CFA2F4D0028700C /* NSData+hexstring.swift */,
				6DC2DDE61CF93F17008ECB57 /* NSData+subscript.swift */,
				6DC2DDD21CF93465008ECB57 /* Main.storyboard */,
				6DC2DDD51CF93465008ECB57 /* Assets.xcassets */,
				6DC2DDD71CF93465008ECB57 /* LaunchScreen.storyboard */,
				6DC2DDDA1CF93465008ECB57 /* Info.plist */,
			);
			path = Solarbreeze;
			sourceTree = "<group>";
		};
/* End PBXGroup section */

/* Begin PBXNativeTarget section */
		6DC2DDC81CF93465008ECB57 /* Solarbreeze */ = {
			isa = PBXNativeTarget;
			buildConfigurationList = 6DC2DDDD1CF93465008ECB57 /* Build configuration list for PBXNativeTarget "Solarbreeze" */;
			buildPhases = (
				6DC2DDC51CF93465008ECB57 /* Sources */,
				6DC2DDC61CF93465008ECB57 /* Frameworks */,
				6DC2DDC71CF93465008ECB57 /* Resources */,
			);
			buildRules = (
			);
			dependencies = (
			);
			name = Solarbreeze;
			productName = Solarbreeze;
			productReference = 6DC2DDC91CF93465008ECB57 /* Solarbreeze.app */;
			productType = "com.apple.product-type.application";
		};
/* End PBXNativeTarget section */

/* Begin PBXProject section */
		6DC2DDC11CF93465008ECB57 /* Project object */ = {
			isa = PBXProject;
			attributes = {
				LastSwiftUpdateCheck = 0730;
				LastUpgradeCheck = 0730;
				ORGANIZATIONNAME = "Eric Betts";
				TargetAttributes = {
					6DC2DDC81CF93465008ECB57 = {
						CreatedOnToolsVersion = 7.3.1;
						DevelopmentTeam = H9NLRYZLBM;
					};
				};
			};
			buildConfigurationList = 6DC2DDC41CF93465008ECB57 /* Build configuration list for PBXProject "Solarbreeze" */;
			compatibilityVersion = "Xcode 3.2";
			developmentRegion = English;
			hasScannedForEncodings = 0;
			knownRegions = (
				en,
				Base,
			);
			mainGroup = 6DC2DDC01CF93465008ECB57;
			productRefGroup = 6DC2DDCA1CF93465008ECB57 /* Products */;
			projectDirPath = "";
			projectRoot = "";
			targets = (
				6DC2DDC81CF93465008ECB57 /* Solarbreeze */,
			);
		};
/* End PBXProject section */

/* Begin PBXResourcesBuildPhase section */
		6DC2DDC71CF93465008ECB57 /* Resources */ = {
			isa = PBXResourcesBuildPhase;
			buildActionMask = 2147483647;
			files = (
				6DC2DDD91CF93465008ECB57 /* LaunchScreen.storyboard in Resources */,
				6DC2DDD61CF93465008ECB57 /* Assets.xcassets in Resources */,
				6DC2DDD41CF93465008ECB57 /* Main.storyboard in Resources */,
			);
			runOnlyForDeploymentPostprocessing = 0;
		};
/* End PBXResourcesBuildPhase section */

/* Begin PBXSourcesBuildPhase section */
		6DC2DDC51CF93465008ECB57 /* Sources */ = {
			isa = PBXSourcesBuildPhase;
			buildActionMask = 2147483647;
			files = (
				6DC9CFAF1CFA39F40028700C /* ThePoster.swift in Sources */,
				6DC2DDE31CF93663008ECB57 /* FakeBaseInterface.swift in Sources */,
				6DC2DDD11CF93465008ECB57 /* SecondViewController.swift in Sources */,
				6DC9CFB31CFA43490028700C /* NSMutableData+appendByte.swift in Sources */,
				6DC9CFB51CFA45230028700C /* String+rot13.swift in Sources */,
				6DC9CFAD1CFA335A0028700C /* NSData+asUint.swift in Sources */,
				6DC2DDE71CF93F17008ECB57 /* NSData+subscript.swift in Sources */,
				6DC9CFA91CFA2EC80028700C /* MifareClassic.swift in Sources */,
				6DC2DDCD1CF93465008ECB57 /* AppDelegate.swift in Sources */,
				6DC2DDCF1CF93465008ECB57 /* FirstViewController.swift in Sources */,
				6DC9CFB11CFA3B960028700C /* Dictionary+get.swift in Sources */,
				6DC2DDE11CF9360C008ECB57 /* FakeBase.swift in Sources */,
				6DC9CFAB1CFA2F4D0028700C /* NSData+hexstring.swift in Sources */,
				6DC2DDE91CF93FC8008ECB57 /* String+asciiValue.swift in Sources */,
				6DC9CFA71CFA2E720028700C /* Token.swift in Sources */,
			);
			runOnlyForDeploymentPostprocessing = 0;
		};
/* End PBXSourcesBuildPhase section */

/* Begin PBXVariantGroup section */
		6DC2DDD21CF93465008ECB57 /* Main.storyboard */ = {
			isa = PBXVariantGroup;
			children = (
				6DC2DDD31CF93465008ECB57 /* Base */,
			);
			name = Main.storyboard;
			sourceTree = "<group>";
		};
		6DC2DDD71CF93465008ECB57 /* LaunchScreen.storyboard */ = {
			isa = PBXVariantGroup;
			children = (
				6DC2DDD81CF93465008ECB57 /* Base */,
			);
			name = LaunchScreen.storyboard;
			sourceTree = "<group>";
		};
/* End PBXVariantGroup section */

/* Begin XCBuildConfiguration section */
		6DC2DDDB1CF93465008ECB57 /* Debug */ = {
			isa = XCBuildConfiguration;
			buildSettings = {
				ALWAYS_SEARCH_USER_PATHS = NO;
				CLANG_ANALYZER_NONNULL = YES;
				CLANG_CXX_LANGUAGE_STANDARD = "gnu++0x";
				CLANG_CXX_LIBRARY = "libc++";
				CLANG_ENABLE_MODULES = YES;
				CLANG_ENABLE_OBJC_ARC = YES;
				CLANG_WARN_BOOL_CONVERSION = YES;
				CLANG_WARN_CONSTANT_CONVERSION = YES;
				CLANG_WARN_DIRECT_OBJC_ISA_USAGE = YES_ERROR;
				CLANG_WARN_EMPTY_BODY = YES;
				CLANG_WARN_ENUM_CONVERSION = YES;
				CLANG_WARN_INT_CONVERSION = YES;
				CLANG_WARN_OBJC_ROOT_CLASS = YES_ERROR;
				CLANG_WARN_UNREACHABLE_CODE = YES;
				CLANG_WARN__DUPLICATE_METHOD_MATCH = YES;
				"CODE_SIGN_IDENTITY[sdk=iphoneos*]" = "iPhone Developer";
				COPY_PHASE_STRIP = NO;
				DEBUG_INFORMATION_FORMAT = dwarf;
				ENABLE_STRICT_OBJC_MSGSEND = YES;
				ENABLE_TESTABILITY = YES;
				GCC_C_LANGUAGE_STANDARD = gnu99;
				GCC_DYNAMIC_NO_PIC = NO;
				GCC_NO_COMMON_BLOCKS = YES;
				GCC_OPTIMIZATION_LEVEL = 0;
				GCC_PREPROCESSOR_DEFINITIONS = (
					"DEBUG=1",
					"$(inherited)",
				);
				GCC_WARN_64_TO_32_BIT_CONVERSION = YES;
				GCC_WARN_ABOUT_RETURN_TYPE = YES_ERROR;
				GCC_WARN_UNDECLARED_SELECTOR = YES;
				GCC_WARN_UNINITIALIZED_AUTOS = YES_AGGRESSIVE;
				GCC_WARN_UNUSED_FUNCTION = YES;
				GCC_WARN_UNUSED_VARIABLE = YES;
				IPHONEOS_DEPLOYMENT_TARGET = 9.3;
				MTL_ENABLE_DEBUG_INFO = YES;
				ONLY_ACTIVE_ARCH = YES;
				SDKROOT = iphoneos;
				SWIFT_OPTIMIZATION_LEVEL = "-Onone";
			};
			name = Debug;
		};
		6DC2DDDC1CF93465008ECB57 /* Release */ = {
			isa = XCBuildConfiguration;
			buildSettings = {
				ALWAYS_SEARCH_USER_PATHS = NO;
				CLANG_ANALYZER_NONNULL = YES;
				CLANG_CXX_LANGUAGE_STANDARD = "gnu++0x";
				CLANG_CXX_LIBRARY = "libc++";
				CLANG_ENABLE_MODULES = YES;
				CLANG_ENABLE_OBJC_ARC = YES;
				CLANG_WARN_BOOL_CONVERSION = YES;
				CLANG_WARN_CONSTANT_CONVERSION = YES;
				CLANG_WARN_DIRECT_OBJC_ISA_USAGE = YES_ERROR;
				CLANG_WARN_EMPTY_BODY = YES;
				CLANG_WARN_ENUM_CONVERSION = YES;
				CLANG_WARN_INT_CONVERSION = YES;
				CLANG_WARN_OBJC_ROOT_CLASS = YES_ERROR;
				CLANG_WARN_UNREACHABLE_CODE = YES;
				CLANG_WARN__DUPLICATE_METHOD_MATCH = YES;
				"CODE_SIGN_IDENTITY[sdk=iphoneos*]" = "iPhone Developer";
				COPY_PHASE_STRIP = NO;
				DEBUG_INFORMATION_FORMAT = "dwarf-with-dsym";
				ENABLE_NS_ASSERTIONS = NO;
				ENABLE_STRICT_OBJC_MSGSEND = YES;
				GCC_C_LANGUAGE_STANDARD = gnu99;
				GCC_NO_COMMON_BLOCKS = YES;
				GCC_WARN_64_TO_32_BIT_CONVERSION = YES;
				GCC_WARN_ABOUT_RETURN_TYPE = YES_ERROR;
				GCC_WARN_UNDECLARED_SELECTOR = YES;
				GCC_WARN_UNINITIALIZED_AUTOS = YES_AGGRESSIVE;
				GCC_WARN_UNUSED_FUNCTION = YES;
				GCC_WARN_UNUSED_VARIABLE = YES;
				IPHONEOS_DEPLOYMENT_TARGET = 9.3;
				MTL_ENABLE_DEBUG_INFO = NO;
				SDKROOT = iphoneos;
				VALIDATE_PRODUCT = YES;
			};
			name = Release;
		};
		6DC2DDDE1CF93465008ECB57 /* Debug */ = {
			isa = XCBuildConfiguration;
			buildSettings = {
				ASSETCATALOG_COMPILER_APPICON_NAME = AppIcon;
				INFOPLIST_FILE = Solarbreeze/Info.plist;
				LD_RUNPATH_SEARCH_PATHS = "$(inherited) @executable_path/Frameworks";
				PRODUCT_BUNDLE_IDENTIFIER = org.ericbetts.Solarbreeze;
				PRODUCT_NAME = "$(TARGET_NAME)";
			};
			name = Debug;
		};
		6DC2DDDF1CF93465008ECB57 /* Release */ = {
			isa = XCBuildConfiguration;
			buildSettings = {
				ASSETCATALOG_COMPILER_APPICON_NAME = AppIcon;
				INFOPLIST_FILE = Solarbreeze/Info.plist;
				LD_RUNPATH_SEARCH_PATHS = "$(inherited) @executable_path/Frameworks";
				PRODUCT_BUNDLE_IDENTIFIER = org.ericbetts.Solarbreeze;
				PRODUCT_NAME = "$(TARGET_NAME)";
			};
			name = Release;
		};
/* End XCBuildConfiguration section */

/* Begin XCConfigurationList section */
		6DC2DDC41CF93465008ECB57 /* Build configuration list for PBXProject "Solarbreeze" */ = {
			isa = XCConfigurationList;
			buildConfigurations = (
				6DC2DDDB1CF93465008ECB57 /* Debug */,
				6DC2DDDC1CF93465008ECB57 /* Release */,
			);
			defaultConfigurationIsVisible = 0;
			defaultConfigurationName = Release;
		};
		6DC2DDDD1CF93465008ECB57 /* Build configuration list for PBXNativeTarget "Solarbreeze" */ = {
			isa = XCConfigurationList;
			buildConfigurations = (
				6DC2DDDE1CF93465008ECB57 /* Debug */,
				6DC2DDDF1CF93465008ECB57 /* Release */,
			);
			defaultConfigurationIsVisible = 0;
			defaultConfigurationName = Release;
		};
/* End XCConfigurationList section */
	};
	rootObject = 6DC2DDC11CF93465008ECB57 /* Project object */;
}
